// !$*UTF8*$!
{
	archiveVersion = 1;
	classes = {
	};
	objectVersion = 46;
	objects = {

/* Begin PBXBuildFile section */
		813851061E08F4C300EC4273 /* AppDelegate.swift in Sources */ = {isa = PBXBuildFile; fileRef = 813851051E08F4C300EC4273 /* AppDelegate.swift */; };
		813851081E08F4C300EC4273 /* ViewController.swift in Sources */ = {isa = PBXBuildFile; fileRef = 813851071E08F4C300EC4273 /* ViewController.swift */; };
		8138510B1E08F4C300EC4273 /* Main.storyboard in Resources */ = {isa = PBXBuildFile; fileRef = 813851091E08F4C300EC4273 /* Main.storyboard */; };
		8138510E1E08F4C400EC4273 /* NYC_Handbook.xcdatamodeld in Sources */ = {isa = PBXBuildFile; fileRef = 8138510C1E08F4C400EC4273 /* NYC_Handbook.xcdatamodeld */; };
		813851101E08F4C400EC4273 /* Assets.xcassets in Resources */ = {isa = PBXBuildFile; fileRef = 8138510F1E08F4C400EC4273 /* Assets.xcassets */; };
		813851131E08F4C400EC4273 /* LaunchScreen.storyboard in Resources */ = {isa = PBXBuildFile; fileRef = 813851111E08F4C400EC4273 /* LaunchScreen.storyboard */; };
		8138511E1E08F4C400EC4273 /* NYC_HandbookTests.swift in Sources */ = {isa = PBXBuildFile; fileRef = 8138511D1E08F4C400EC4273 /* NYC_HandbookTests.swift */; };
		813851291E08F4C400EC4273 /* NYC_HandbookUITests.swift in Sources */ = {isa = PBXBuildFile; fileRef = 813851281E08F4C400EC4273 /* NYC_HandbookUITests.swift */; };
/* End PBXBuildFile section */

/* Begin PBXContainerItemProxy section */
		8138511A1E08F4C400EC4273 /* PBXContainerItemProxy */ = {
			isa = PBXContainerItemProxy;
			containerPortal = 813850FA1E08F4C300EC4273 /* Project object */;
			proxyType = 1;
			remoteGlobalIDString = 813851011E08F4C300EC4273;
			remoteInfo = "NYC Handbook";
		};
		813851251E08F4C400EC4273 /* PBXContainerItemProxy */ = {
			isa = PBXContainerItemProxy;
			containerPortal = 813850FA1E08F4C300EC4273 /* Project object */;
			proxyType = 1;
			remoteGlobalIDString = 813851011E08F4C300EC4273;
			remoteInfo = "NYC Handbook";
		};
/* End PBXContainerItemProxy section */

/* Begin PBXFileReference section */
		813851021E08F4C300EC4273 /* NYC Handbook.app */ = {isa = PBXFileReference; explicitFileType = wrapper.application; includeInIndex = 0; path = "NYC Handbook.app"; sourceTree = BUILT_PRODUCTS_DIR; };
		813851051E08F4C300EC4273 /* AppDelegate.swift */ = {isa = PBXFileReference; lastKnownFileType = sourcecode.swift; path = AppDelegate.swift; sourceTree = "<group>"; };
		813851071E08F4C300EC4273 /* ViewController.swift */ = {isa = PBXFileReference; lastKnownFileType = sourcecode.swift; path = ViewController.swift; sourceTree = "<group>"; };
		8138510A1E08F4C300EC4273 /* Base */ = {isa = PBXFileReference; lastKnownFileType = file.storyboard; name = Base; path = Base.lproj/Main.storyboard; sourceTree = "<group>"; };
		8138510D1E08F4C400EC4273 /* NYC_Handbook.xcdatamodel */ = {isa = PBXFileReference; lastKnownFileType = wrapper.xcdatamodel; path = NYC_Handbook.xcdatamodel; sourceTree = "<group>"; };
		8138510F1E08F4C400EC4273 /* Assets.xcassets */ = {isa = PBXFileReference; lastKnownFileType = folder.assetcatalog; path = Assets.xcassets; sourceTree = "<group>"; };
		813851121E08F4C400EC4273 /* Base */ = {isa = PBXFileReference; lastKnownFileType = file.storyboard; name = Base; path = Base.lproj/LaunchScreen.storyboard; sourceTree = "<group>"; };
		813851141E08F4C400EC4273 /* Info.plist */ = {isa = PBXFileReference; lastKnownFileType = text.plist.xml; path = Info.plist; sourceTree = "<group>"; };
		813851191E08F4C400EC4273 /* NYC HandbookTests.xctest */ = {isa = PBXFileReference; explicitFileType = wrapper.cfbundle; includeInIndex = 0; path = "NYC HandbookTests.xctest"; sourceTree = BUILT_PRODUCTS_DIR; };
		8138511D1E08F4C400EC4273 /* NYC_HandbookTests.swift */ = {isa = PBXFileReference; lastKnownFileType = sourcecode.swift; path = NYC_HandbookTests.swift; sourceTree = "<group>"; };
		8138511F1E08F4C400EC4273 /* Info.plist */ = {isa = PBXFileReference; lastKnownFileType = text.plist.xml; path = Info.plist; sourceTree = "<group>"; };
		813851241E08F4C400EC4273 /* NYC HandbookUITests.xctest */ = {isa = PBXFileReference; explicitFileType = wrapper.cfbundle; includeInIndex = 0; path = "NYC HandbookUITests.xctest"; sourceTree = BUILT_PRODUCTS_DIR; };
		813851281E08F4C400EC4273 /* NYC_HandbookUITests.swift */ = {isa = PBXFileReference; lastKnownFileType = sourcecode.swift; path = NYC_HandbookUITests.swift; sourceTree = "<group>"; };
		8138512A1E08F4C400EC4273 /* Info.plist */ = {isa = PBXFileReference; lastKnownFileType = text.plist.xml; path = Info.plist; sourceTree = "<group>"; };
/* End PBXFileReference section */

/* Begin PBXFrameworksBuildPhase section */
		813850FF1E08F4C300EC4273 /* Frameworks */ = {
			isa = PBXFrameworksBuildPhase;
			buildActionMask = 2147483647;
			files = (
			);
			runOnlyForDeploymentPostprocessing = 0;
		};
		813851161E08F4C400EC4273 /* Frameworks */ = {
			isa = PBXFrameworksBuildPhase;
			buildActionMask = 2147483647;
			files = (
			);
			runOnlyForDeploymentPostprocessing = 0;
		};
		813851211E08F4C400EC4273 /* Frameworks */ = {
			isa = PBXFrameworksBuildPhase;
			buildActionMask = 2147483647;
			files = (
			);
			runOnlyForDeploymentPostprocessing = 0;
		};
/* End PBXFrameworksBuildPhase section */

/* Begin PBXGroup section */
		813850F91E08F4C300EC4273 = {
			isa = PBXGroup;
			children = (
				813851041E08F4C300EC4273 /* NYC Handbook */,
				8138511C1E08F4C400EC4273 /* NYC HandbookTests */,
				813851271E08F4C400EC4273 /* NYC HandbookUITests */,
				813851031E08F4C300EC4273 /* Products */,
			);
			sourceTree = "<group>";
		};
		813851031E08F4C300EC4273 /* Products */ = {
			isa = PBXGroup;
			children = (
				813851021E08F4C300EC4273 /* NYC Handbook.app */,
				813851191E08F4C400EC4273 /* NYC HandbookTests.xctest */,
				813851241E08F4C400EC4273 /* NYC HandbookUITests.xctest */,
			);
			name = Products;
			sourceTree = "<group>";
		};
		813851041E08F4C300EC4273 /* NYC Handbook */ = {
			isa = PBXGroup;
			children = (
				813851051E08F4C300EC4273 /* AppDelegate.swift */,
				813851071E08F4C300EC4273 /* ViewController.swift */,
				813851091E08F4C300EC4273 /* Main.storyboard */,
				8138510F1E08F4C400EC4273 /* Assets.xcassets */,
				813851111E08F4C400EC4273 /* LaunchScreen.storyboard */,
				813851141E08F4C400EC4273 /* Info.plist */,
				8138510C1E08F4C400EC4273 /* NYC_Handbook.xcdatamodeld */,
			);
			path = "NYC Handbook";
			sourceTree = "<group>";
		};
		8138511C1E08F4C400EC4273 /* NYC HandbookTests */ = {
			isa = PBXGroup;
			children = (
				8138511D1E08F4C400EC4273 /* NYC_HandbookTests.swift */,
				8138511F1E08F4C400EC4273 /* Info.plist */,
			);
			path = "NYC HandbookTests";
			sourceTree = "<group>";
		};
		813851271E08F4C400EC4273 /* NYC HandbookUITests */ = {
			isa = PBXGroup;
			children = (
				813851281E08F4C400EC4273 /* NYC_HandbookUITests.swift */,
				8138512A1E08F4C400EC4273 /* Info.plist */,
			);
			path = "NYC HandbookUITests";
			sourceTree = "<group>";
		};
/* End PBXGroup section */

/* Begin PBXNativeTarget section */
		813851011E08F4C300EC4273 /* NYC Handbook */ = {
			isa = PBXNativeTarget;
			buildConfigurationList = 8138512D1E08F4C400EC4273 /* Build configuration list for PBXNativeTarget "NYC Handbook" */;
			buildPhases = (
				813850FE1E08F4C300EC4273 /* Sources */,
				813850FF1E08F4C300EC4273 /* Frameworks */,
				813851001E08F4C300EC4273 /* Resources */,
			);
			buildRules = (
			);
			dependencies = (
			);
			name = "NYC Handbook";
			productName = "NYC Handbook";
			productReference = 813851021E08F4C300EC4273 /* NYC Handbook.app */;
			productType = "com.apple.product-type.application";
		};
		813851181E08F4C400EC4273 /* NYC HandbookTests */ = {
			isa = PBXNativeTarget;
			buildConfigurationList = 813851301E08F4C400EC4273 /* Build configuration list for PBXNativeTarget "NYC HandbookTests" */;
			buildPhases = (
				813851151E08F4C400EC4273 /* Sources */,
				813851161E08F4C400EC4273 /* Frameworks */,
				813851171E08F4C400EC4273 /* Resources */,
			);
			buildRules = (
			);
			dependencies = (
				8138511B1E08F4C400EC4273 /* PBXTargetDependency */,
			);
			name = "NYC HandbookTests";
			productName = "NYC HandbookTests";
			productReference = 813851191E08F4C400EC4273 /* NYC HandbookTests.xctest */;
			productType = "com.apple.product-type.bundle.unit-test";
		};
		813851231E08F4C400EC4273 /* NYC HandbookUITests */ = {
			isa = PBXNativeTarget;
			buildConfigurationList = 813851331E08F4C400EC4273 /* Build configuration list for PBXNativeTarget "NYC HandbookUITests" */;
			buildPhases = (
				813851201E08F4C400EC4273 /* Sources */,
				813851211E08F4C400EC4273 /* Frameworks */,
				813851221E08F4C400EC4273 /* Resources */,
			);
			buildRules = (
			);
			dependencies = (
				813851261E08F4C400EC4273 /* PBXTargetDependency */,
			);
			name = "NYC HandbookUITests";
			productName = "NYC HandbookUITests";
			productReference = 813851241E08F4C400EC4273 /* NYC HandbookUITests.xctest */;
			productType = "com.apple.product-type.bundle.ui-testing";
		};
/* End PBXNativeTarget section */

/* Begin PBXProject section */
		813850FA1E08F4C300EC4273 /* Project object */ = {
			isa = PBXProject;
			attributes = {
				LastSwiftUpdateCheck = 0820;
				LastUpgradeCheck = 0820;
				ORGANIZATIONNAME = KingEnterprise;
				TargetAttributes = {
					813851011E08F4C300EC4273 = {
						CreatedOnToolsVersion = 8.2;
						DevelopmentTeam = T3JXW3P9UL;
						ProvisioningStyle = Automatic;
					};
					813851181E08F4C400EC4273 = {
						CreatedOnToolsVersion = 8.2;
						DevelopmentTeam = T3JXW3P9UL;
						ProvisioningStyle = Automatic;
						TestTargetID = 813851011E08F4C300EC4273;
					};
					813851231E08F4C400EC4273 = {
						CreatedOnToolsVersion = 8.2;
						DevelopmentTeam = T3JXW3P9UL;
						ProvisioningStyle = Automatic;
						TestTargetID = 813851011E08F4C300EC4273;
					};
				};
			};
			buildConfigurationList = 813850FD1E08F4C300EC4273 /* Build configuration list for PBXProject "NYC Handbook" */;
			compatibilityVersion = "Xcode 3.2";
			developmentRegion = English;
			hasScannedForEncodings = 0;
			knownRegions = (
				en,
				Base,
			);
			mainGroup = 813850F91E08F4C300EC4273;
			productRefGroup = 813851031E08F4C300EC4273 /* Products */;
			projectDirPath = "";
			projectRoot = "";
			targets = (
				813851011E08F4C300EC4273 /* NYC Handbook */,
				813851181E08F4C400EC4273 /* NYC HandbookTests */,
				813851231E08F4C400EC4273 /* NYC HandbookUITests */,
			);
		};
/* End PBXProject section */

/* Begin PBXResourcesBuildPhase section */
		813851001E08F4C300EC4273 /* Resources */ = {
			isa = PBXResourcesBuildPhase;
			buildActionMask = 2147483647;
			files = (
				813851131E08F4C400EC4273 /* LaunchScreen.storyboard in Resources */,
				813851101E08F4C400EC4273 /* Assets.xcassets in Resources */,
				8138510B1E08F4C300EC4273 /* Main.storyboard in Resources */,
			);
			runOnlyForDeploymentPostprocessing = 0;
		};
		813851171E08F4C400EC4273 /* Resources */ = {
			isa = PBXResourcesBuildPhase;
			buildActionMask = 2147483647;
			files = (
			);
			runOnlyForDeploymentPostprocessing = 0;
		};
		813851221E08F4C400EC4273 /* Resources */ = {
			isa = PBXResourcesBuildPhase;
			buildActionMask = 2147483647;
			files = (
			);
			runOnlyForDeploymentPostprocessing = 0;
		};
/* End PBXResourcesBuildPhase section */

/* Begin PBXSourcesBuildPhase section */
		813850FE1E08F4C300EC4273 /* Sources */ = {
			isa = PBXSourcesBuildPhase;
			buildActionMask = 2147483647;
			files = (
				8138510E1E08F4C400EC4273 /* NYC_Handbook.xcdatamodeld in Sources */,
				813851081E08F4C300EC4273 /* ViewController.swift in Sources */,
				813851061E08F4C300EC4273 /* AppDelegate.swift in Sources */,
			);
			runOnlyForDeploymentPostprocessing = 0;
		};
		813851151E08F4C400EC4273 /* Sources */ = {
			isa = PBXSourcesBuildPhase;
			buildActionMask = 2147483647;
			files = (
				8138511E1E08F4C400EC4273 /* NYC_HandbookTests.swift in Sources */,
			);
			runOnlyForDeploymentPostprocessing = 0;
		};
		813851201E08F4C400EC4273 /* Sources */ = {
			isa = PBXSourcesBuildPhase;
			buildActionMask = 2147483647;
			files = (
				813851291E08F4C400EC4273 /* NYC_HandbookUITests.swift in Sources */,
			);
			runOnlyForDeploymentPostprocessing = 0;
		};
/* End PBXSourcesBuildPhase section */

/* Begin PBXTargetDependency section */
		8138511B1E08F4C400EC4273 /* PBXTargetDependency */ = {
			isa = PBXTargetDependency;
			target = 813851011E08F4C300EC4273 /* NYC Handbook */;
			targetProxy = 8138511A1E08F4C400EC4273 /* PBXContainerItemProxy */;
		};
		813851261E08F4C400EC4273 /* PBXTargetDependency */ = {
			isa = PBXTargetDependency;
			target = 813851011E08F4C300EC4273 /* NYC Handbook */;
			targetProxy = 813851251E08F4C400EC4273 /* PBXContainerItemProxy */;
		};
/* End PBXTargetDependency section */

/* Begin PBXVariantGroup section */
		813851091E08F4C300EC4273 /* Main.storyboard */ = {
			isa = PBXVariantGroup;
			children = (
				8138510A1E08F4C300EC4273 /* Base */,
			);
			name = Main.storyboard;
			sourceTree = "<group>";
		};
		813851111E08F4C400EC4273 /* LaunchScreen.storyboard */ = {
			isa = PBXVariantGroup;
			children = (
				813851121E08F4C400EC4273 /* Base */,
			);
			name = LaunchScreen.storyboard;
			sourceTree = "<group>";
		};
/* End PBXVariantGroup section */

/* Begin XCBuildConfiguration section */
		8138512B1E08F4C400EC4273 /* Debug */ = {
			isa = XCBuildConfiguration;
			buildSettings = {
				ALWAYS_SEARCH_USER_PATHS = NO;
				CLANG_ANALYZER_NONNULL = YES;
				CLANG_CXX_LANGUAGE_STANDARD = "gnu++0x";
				CLANG_CXX_LIBRARY = "libc++";
				CLANG_ENABLE_MODULES = YES;
				CLANG_ENABLE_OBJC_ARC = YES;
				CLANG_WARN_BOOL_CONVERSION = YES;
				CLANG_WARN_CONSTANT_CONVERSION = YES;
				CLANG_WARN_DIRECT_OBJC_ISA_USAGE = YES_ERROR;
				CLANG_WARN_DOCUMENTATION_COMMENTS = YES;
				CLANG_WARN_EMPTY_BODY = YES;
				CLANG_WARN_ENUM_CONVERSION = YES;
				CLANG_WARN_INFINITE_RECURSION = YES;
				CLANG_WARN_INT_CONVERSION = YES;
				CLANG_WARN_OBJC_ROOT_CLASS = YES_ERROR;
				CLANG_WARN_SUSPICIOUS_MOVE = YES;
				CLANG_WARN_UNREACHABLE_CODE = YES;
				CLANG_WARN__DUPLICATE_METHOD_MATCH = YES;
				"CODE_SIGN_IDENTITY[sdk=iphoneos*]" = "iPhone Developer";
				COPY_PHASE_STRIP = NO;
				DEBUG_INFORMATION_FORMAT = dwarf;
				ENABLE_STRICT_OBJC_MSGSEND = YES;
				ENABLE_TESTABILITY = YES;
				GCC_C_LANGUAGE_STANDARD = gnu99;
				GCC_DYNAMIC_NO_PIC = NO;
				GCC_NO_COMMON_BLOCKS = YES;
				GCC_OPTIMIZATION_LEVEL = 0;
				GCC_PREPROCESSOR_DEFINITIONS = (
					"DEBUG=1",
					"$(inherited)",
				);
				GCC_WARN_64_TO_32_BIT_CONVERSION = YES;
				GCC_WARN_ABOUT_RETURN_TYPE = YES_ERROR;
				GCC_WARN_UNDECLARED_SELECTOR = YES;
				GCC_WARN_UNINITIALIZED_AUTOS = YES_AGGRESSIVE;
				GCC_WARN_UNUSED_FUNCTION = YES;
				GCC_WARN_UNUSED_VARIABLE = YES;
				IPHONEOS_DEPLOYMENT_TARGET = 10.2;
				MTL_ENABLE_DEBUG_INFO = YES;
				ONLY_ACTIVE_ARCH = YES;
				SDKROOT = iphoneos;
				SWIFT_ACTIVE_COMPILATION_CONDITIONS = DEBUG;
				SWIFT_OPTIMIZATION_LEVEL = "-Onone";
				TARGETED_DEVICE_FAMILY = "1,2";
			};
			name = Debug;
		};
		8138512C1E08F4C400EC4273 /* Release */ = {
			isa = XCBuildConfiguration;
			buildSettings = {
				ALWAYS_SEARCH_USER_PATHS = NO;
				CLANG_ANALYZER_NONNULL = YES;
				CLANG_CXX_LANGUAGE_STANDARD = "gnu++0x";
				CLANG_CXX_LIBRARY = "libc++";
				CLANG_ENABLE_MODULES = YES;
				CLANG_ENABLE_OBJC_ARC = YES;
				CLANG_WARN_BOOL_CONVERSION = YES;
				CLANG_WARN_CONSTANT_CONVERSION = YES;
				CLANG_WARN_DIRECT_OBJC_ISA_USAGE = YES_ERROR;
				CLANG_WARN_DOCUMENTATION_COMMENTS = YES;
				CLANG_WARN_EMPTY_BODY = YES;
				CLANG_WARN_ENUM_CONVERSION = YES;
				CLANG_WARN_INFINITE_RECURSION = YES;
				CLANG_WARN_INT_CONVERSION = YES;
				CLANG_WARN_OBJC_ROOT_CLASS = YES_ERROR;
				CLANG_WARN_SUSPICIOUS_MOVE = YES;
				CLANG_WARN_UNREACHABLE_CODE = YES;
				CLANG_WARN__DUPLICATE_METHOD_MATCH = YES;
				"CODE_SIGN_IDENTITY[sdk=iphoneos*]" = "iPhone Developer";
				COPY_PHASE_STRIP = NO;
				DEBUG_INFORMATION_FORMAT = "dwarf-with-dsym";
				ENABLE_NS_ASSERTIONS = NO;
				ENABLE_STRICT_OBJC_MSGSEND = YES;
				GCC_C_LANGUAGE_STANDARD = gnu99;
				GCC_NO_COMMON_BLOCKS = YES;
				GCC_WARN_64_TO_32_BIT_CONVERSION = YES;
				GCC_WARN_ABOUT_RETURN_TYPE = YES_ERROR;
				GCC_WARN_UNDECLARED_SELECTOR = YES;
				GCC_WARN_UNINITIALIZED_AUTOS = YES_AGGRESSIVE;
				GCC_WARN_UNUSED_FUNCTION = YES;
				GCC_WARN_UNUSED_VARIABLE = YES;
				IPHONEOS_DEPLOYMENT_TARGET = 10.2;
				MTL_ENABLE_DEBUG_INFO = NO;
				SDKROOT = iphoneos;
				SWIFT_OPTIMIZATION_LEVEL = "-Owholemodule";
				TARGETED_DEVICE_FAMILY = "1,2";
				VALIDATE_PRODUCT = YES;
			};
			name = Release;
		};
		8138512E1E08F4C400EC4273 /* Debug */ = {
			isa = XCBuildConfiguration;
			buildSettings = {
				ASSETCATALOG_COMPILER_APPICON_NAME = AppIcon;
				DEVELOPMENT_TEAM = T3JXW3P9UL;
				INFOPLIST_FILE = "NYC Handbook/Info.plist";
				LD_RUNPATH_SEARCH_PATHS = "$(inherited) @executable_path/Frameworks";
				PRODUCT_BUNDLE_IDENTIFIER = "com.mrkking.NYC-Handbook";
				PRODUCT_NAME = "$(TARGET_NAME)";
				SWIFT_VERSION = 3.0;
			};
			name = Debug;
		};
		8138512F1E08F4C400EC4273 /* Release */ = {
			isa = XCBuildConfiguration;
			buildSettings = {
				ASSETCATALOG_COMPILER_APPICON_NAME = AppIcon;
				DEVELOPMENT_TEAM = T3JXW3P9UL;
				INFOPLIST_FILE = "NYC Handbook/Info.plist";
				LD_RUNPATH_SEARCH_PATHS = "$(inherited) @executable_path/Frameworks";
				PRODUCT_BUNDLE_IDENTIFIER = "com.mrkking.NYC-Handbook";
				PRODUCT_NAME = "$(TARGET_NAME)";
				SWIFT_VERSION = 3.0;
			};
			name = Release;
		};
		813851311E08F4C400EC4273 /* Debug */ = {
			isa = XCBuildConfiguration;
			buildSettings = {
				ALWAYS_EMBED_SWIFT_STANDARD_LIBRARIES = YES;
				BUNDLE_LOADER = "$(TEST_HOST)";
				DEVELOPMENT_TEAM = T3JXW3P9UL;
				INFOPLIST_FILE = "NYC HandbookTests/Info.plist";
				LD_RUNPATH_SEARCH_PATHS = "$(inherited) @executable_path/Frameworks @loader_path/Frameworks";
				PRODUCT_BUNDLE_IDENTIFIER = "com.mrkking.NYC-HandbookTests";
				PRODUCT_NAME = "$(TARGET_NAME)";
				SWIFT_VERSION = 3.0;
				TEST_HOST = "$(BUILT_PRODUCTS_DIR)/NYC Handbook.app/NYC Handbook";
			};
			name = Debug;
		};
		813851321E08F4C400EC4273 /* Release */ = {
			isa = XCBuildConfiguration;
			buildSettings = {
				ALWAYS_EMBED_SWIFT_STANDARD_LIBRARIES = YES;
				BUNDLE_LOADER = "$(TEST_HOST)";
				DEVELOPMENT_TEAM = T3JXW3P9UL;
				INFOPLIST_FILE = "NYC HandbookTests/Info.plist";
				LD_RUNPATH_SEARCH_PATHS = "$(inherited) @executable_path/Frameworks @loader_path/Frameworks";
				PRODUCT_BUNDLE_IDENTIFIER = "com.mrkking.NYC-HandbookTests";
				PRODUCT_NAME = "$(TARGET_NAME)";
				SWIFT_VERSION = 3.0;
				TEST_HOST = "$(BUILT_PRODUCTS_DIR)/NYC Handbook.app/NYC Handbook";
			};
			name = Release;
		};
		813851341E08F4C400EC4273 /* Debug */ = {
			isa = XCBuildConfiguration;
			buildSettings = {
				ALWAYS_EMBED_SWIFT_STANDARD_LIBRARIES = YES;
				DEVELOPMENT_TEAM = T3JXW3P9UL;
				INFOPLIST_FILE = "NYC HandbookUITests/Info.plist";
				LD_RUNPATH_SEARCH_PATHS = "$(inherited) @executable_path/Frameworks @loader_path/Frameworks";
				PRODUCT_BUNDLE_IDENTIFIER = "com.mrkking.NYC-HandbookUITests";
				PRODUCT_NAME = "$(TARGET_NAME)";
				SWIFT_VERSION = 3.0;
				TEST_TARGET_NAME = "NYC Handbook";
			};
			name = Debug;
		};
		813851351E08F4C400EC4273 /* Release */ = {
			isa = XCBuildConfiguration;
			buildSettings = {
				ALWAYS_EMBED_SWIFT_STANDARD_LIBRARIES = YES;
				DEVELOPMENT_TEAM = T3JXW3P9UL;
				INFOPLIST_FILE = "NYC HandbookUITests/Info.plist";
				LD_RUNPATH_SEARCH_PATHS = "$(inherited) @executable_path/Frameworks @loader_path/Frameworks";
				PRODUCT_BUNDLE_IDENTIFIER = "com.mrkking.NYC-HandbookUITests";
				PRODUCT_NAME = "$(TARGET_NAME)";
				SWIFT_VERSION = 3.0;
				TEST_TARGET_NAME = "NYC Handbook";
			};
			name = Release;
		};
/* End XCBuildConfiguration section */

/* Begin XCConfigurationList section */
		813850FD1E08F4C300EC4273 /* Build configuration list for PBXProject "NYC Handbook" */ = {
			isa = XCConfigurationList;
			buildConfigurations = (
				8138512B1E08F4C400EC4273 /* Debug */,
				8138512C1E08F4C400EC4273 /* Release */,
			);
			defaultConfigurationIsVisible = 0;
			defaultConfigurationName = Release;
		};
		8138512D1E08F4C400EC4273 /* Build configuration list for PBXNativeTarget "NYC Handbook" */ = {
			isa = XCConfigurationList;
			buildConfigurations = (
				8138512E1E08F4C400EC4273 /* Debug */,
				8138512F1E08F4C400EC4273 /* Release */,
			);
			defaultConfigurationIsVisible = 0;
			defaultConfigurationName = Release;
		};
		813851301E08F4C400EC4273 /* Build configuration list for PBXNativeTarget "NYC HandbookTests" */ = {
			isa = XCConfigurationList;
			buildConfigurations = (
				813851311E08F4C400EC4273 /* Debug */,
				813851321E08F4C400EC4273 /* Release */,
			);
			defaultConfigurationIsVisible = 0;
			defaultConfigurationName = Release;
		};
		813851331E08F4C400EC4273 /* Build configuration list for PBXNativeTarget "NYC HandbookUITests" */ = {
			isa = XCConfigurationList;
			buildConfigurations = (
				813851341E08F4C400EC4273 /* Debug */,
				813851351E08F4C400EC4273 /* Release */,
			);
			defaultConfigurationIsVisible = 0;
			defaultConfigurationName = Release;
		};
/* End XCConfigurationList section */

/* Begin XCVersionGroup section */
		8138510C1E08F4C400EC4273 /* NYC_Handbook.xcdatamodeld */ = {
			isa = XCVersionGroup;
			children = (
				8138510D1E08F4C400EC4273 /* NYC_Handbook.xcdatamodel */,
			);
			currentVersion = 8138510D1E08F4C400EC4273 /* NYC_Handbook.xcdatamodel */;
			path = NYC_Handbook.xcdatamodeld;
			sourceTree = "<group>";
			versionGroupType = wrapper.xcdatamodel;
		};
/* End XCVersionGroup section */
	};
	rootObject = 813850FA1E08F4C300EC4273 /* Project object */;
}
